
Microsoft Visual Studio Solution File, Format Version 12.00
# Visual Studio Version 17
VisualStudioVersion = 17.1.32319.34
MinimumVisualStudioVersion = 10.0.40219.1
Project("{8BC9CEB8-8B4A-11D0-8D11-00A0C91BC942}") = "Ch6_Rainfall", "Ch6_Rainfall\Ch6_Rainfall.vcxproj", "{14496AF3-DE2B-42C9-AF57-FD98AE34F356}"
EndProject
Global
	GlobalSection(SolutionConfigurationPlatforms) = preSolution
		Debug|x64 = Debug|x64
		Debug|x86 = Debug|x86
		Release|x64 = Release|x64
		Release|x86 = Release|x86
	EndGlobalSection
	GlobalSection(ProjectConfigurationPlatforms) = postSolution
		{14496AF3-DE2B-42C9-AF57-FD98AE34F356}.Debug|x64.ActiveCfg = Debug|x64
		{14496AF3-DE2B-42C9-AF57-FD98AE34F356}.Debug|x64.Build.0 = Debug|x64
		{14496AF3-DE2B-42C9-AF57-FD98AE34F356}.Debug|x86.ActiveCfg = Debug|Win32
		{14496AF3-DE2B-42C9-AF57-FD98AE34F356}.Debug|x86.Build.0 = Debug|Win32
		{14496AF3-DE2B-42C9-AF57-FD98AE34F356}.Release|x64.ActiveCfg = Release|x64
		{14496AF3-DE2B-42C9-AF57-FD98AE34F356}.Release|x64.Build.0 = Release|x64
		{14496AF3-DE2B-42C9-AF57-FD98AE34F356}.Release|x86.ActiveCfg = Release|Win32
		{14496AF3-DE2B-42C9-AF57-FD98AE34F356}.Release|x86.Build.0 = Release|Win32
	EndGlobalSection
	GlobalSection(SolutionProperties) = preSolution
		HideSolutionNode = FALSE
	EndGlobalSection
	GlobalSection(ExtensibilityGlobals) = postSolution
		SolutionGuid = {B3671BA4-4DC4-432E-AD3F-B00CB393AD65}
	EndGlobalSection
EndGlobal
